// !$*UTF8*$!
{
	archiveVersion = 1;
	classes = {
	};
	objectVersion = 46;
	objects = {

/* Begin PBXBuildFile section */
		41579E4F1E512AEC00338AA3 /* InfoView.swift in Sources */ = {isa = PBXBuildFile; fileRef = 41579E4E1E512AEC00338AA3 /* InfoView.swift */; };
		41FBEFF01E4FD1BC004ADA5E /* AppDelegate.swift in Sources */ = {isa = PBXBuildFile; fileRef = 41FBEFEF1E4FD1BC004ADA5E /* AppDelegate.swift */; };
		41FBEFF21E4FD1BC004ADA5E /* ViewController.swift in Sources */ = {isa = PBXBuildFile; fileRef = 41FBEFF11E4FD1BC004ADA5E /* ViewController.swift */; };
		41FBEFF51E4FD1BC004ADA5E /* Main.storyboard in Resources */ = {isa = PBXBuildFile; fileRef = 41FBEFF31E4FD1BC004ADA5E /* Main.storyboard */; };
		41FBEFF71E4FD1BC004ADA5E /* Assets.xcassets in Resources */ = {isa = PBXBuildFile; fileRef = 41FBEFF61E4FD1BC004ADA5E /* Assets.xcassets */; };
		41FBEFFA1E4FD1BC004ADA5E /* LaunchScreen.storyboard in Resources */ = {isa = PBXBuildFile; fileRef = 41FBEFF81E4FD1BC004ADA5E /* LaunchScreen.storyboard */; };
		41FBF0021E4FD6A7004ADA5E /* PebbleImageView.swift in Sources */ = {isa = PBXBuildFile; fileRef = 41FBF0011E4FD6A7004ADA5E /* PebbleImageView.swift */; };
/* End PBXBuildFile section */

/* Begin PBXFileReference section */
		41579E4E1E512AEC00338AA3 /* InfoView.swift */ = {isa = PBXFileReference; fileEncoding = 4; lastKnownFileType = sourcecode.swift; path = InfoView.swift; sourceTree = "<group>"; };
		41FBEFEC1E4FD1BC004ADA5E /* TicTacToe.app */ = {isa = PBXFileReference; explicitFileType = wrapper.application; includeInIndex = 0; path = TicTacToe.app; sourceTree = BUILT_PRODUCTS_DIR; };
		41FBEFEF1E4FD1BC004ADA5E /* AppDelegate.swift */ = {isa = PBXFileReference; lastKnownFileType = sourcecode.swift; path = AppDelegate.swift; sourceTree = "<group>"; };
		41FBEFF11E4FD1BC004ADA5E /* ViewController.swift */ = {isa = PBXFileReference; lastKnownFileType = sourcecode.swift; path = ViewController.swift; sourceTree = "<group>"; };
		41FBEFF41E4FD1BC004ADA5E /* Base */ = {isa = PBXFileReference; lastKnownFileType = file.storyboard; name = Base; path = Base.lproj/Main.storyboard; sourceTree = "<group>"; };
		41FBEFF61E4FD1BC004ADA5E /* Assets.xcassets */ = {isa = PBXFileReference; lastKnownFileType = folder.assetcatalog; path = Assets.xcassets; sourceTree = "<group>"; };
		41FBEFF91E4FD1BC004ADA5E /* Base */ = {isa = PBXFileReference; lastKnownFileType = file.storyboard; name = Base; path = Base.lproj/LaunchScreen.storyboard; sourceTree = "<group>"; };
		41FBEFFB1E4FD1BC004ADA5E /* Info.plist */ = {isa = PBXFileReference; lastKnownFileType = text.plist.xml; path = Info.plist; sourceTree = "<group>"; };
		41FBF0011E4FD6A7004ADA5E /* PebbleImageView.swift */ = {isa = PBXFileReference; fileEncoding = 4; lastKnownFileType = sourcecode.swift; path = PebbleImageView.swift; sourceTree = "<group>"; };
/* End PBXFileReference section */

/* Begin PBXFrameworksBuildPhase section */
		41FBEFE91E4FD1BC004ADA5E /* Frameworks */ = {
			isa = PBXFrameworksBuildPhase;
			buildActionMask = 2147483647;
			files = (
			);
			runOnlyForDeploymentPostprocessing = 0;
		};
/* End PBXFrameworksBuildPhase section */

/* Begin PBXGroup section */
		41FBEFE31E4FD1BC004ADA5E = {
			isa = PBXGroup;
			children = (
				41FBEFEE1E4FD1BC004ADA5E /* TicTacToe */,
				41FBEFED1E4FD1BC004ADA5E /* Products */,
			);
			sourceTree = "<group>";
		};
		41FBEFED1E4FD1BC004ADA5E /* Products */ = {
			isa = PBXGroup;
			children = (
				41FBEFEC1E4FD1BC004ADA5E /* TicTacToe.app */,
			);
			name = Products;
			sourceTree = "<group>";
		};
		41FBEFEE1E4FD1BC004ADA5E /* TicTacToe */ = {
			isa = PBXGroup;
			children = (
				41FBEFEF1E4FD1BC004ADA5E /* AppDelegate.swift */,
				41FBEFF11E4FD1BC004ADA5E /* ViewController.swift */,
				41FBF0011E4FD6A7004ADA5E /* PebbleImageView.swift */,
				41579E4E1E512AEC00338AA3 /* InfoView.swift */,
				41FBEFF31E4FD1BC004ADA5E /* Main.storyboard */,
				41FBEFF61E4FD1BC004ADA5E /* Assets.xcassets */,
				41FBEFF81E4FD1BC004ADA5E /* LaunchScreen.storyboard */,
				41FBEFFB1E4FD1BC004ADA5E /* Info.plist */,
			);
			path = TicTacToe;
			sourceTree = "<group>";
		};
/* End PBXGroup section */

/* Begin PBXNativeTarget section */
		41FBEFEB1E4FD1BC004ADA5E /* TicTacToe */ = {
			isa = PBXNativeTarget;
			buildConfigurationList = 41FBEFFE1E4FD1BC004ADA5E /* Build configuration list for PBXNativeTarget "TicTacToe" */;
			buildPhases = (
				41FBEFE81E4FD1BC004ADA5E /* Sources */,
				41FBEFE91E4FD1BC004ADA5E /* Frameworks */,
				41FBEFEA1E4FD1BC004ADA5E /* Resources */,
			);
			buildRules = (
			);
			dependencies = (
			);
			name = TicTacToe;
			productName = TicTacToe;
			productReference = 41FBEFEC1E4FD1BC004ADA5E /* TicTacToe.app */;
			productType = "com.apple.product-type.application";
		};
/* End PBXNativeTarget section */

/* Begin PBXProject section */
		41FBEFE41E4FD1BC004ADA5E /* Project object */ = {
			isa = PBXProject;
			attributes = {
				LastSwiftUpdateCheck = 0820;
				LastUpgradeCheck = 0820;
				ORGANIZATIONNAME = "Gianni Chen";
				TargetAttributes = {
					41FBEFEB1E4FD1BC004ADA5E = {
						CreatedOnToolsVersion = 8.2.1;
						ProvisioningStyle = Automatic;
					};
				};
			};
			buildConfigurationList = 41FBEFE71E4FD1BC004ADA5E /* Build configuration list for PBXProject "TicTacToe" */;
			compatibilityVersion = "Xcode 3.2";
			developmentRegion = English;
			hasScannedForEncodings = 0;
			knownRegions = (
				en,
				Base,
			);
			mainGroup = 41FBEFE31E4FD1BC004ADA5E;
			productRefGroup = 41FBEFED1E4FD1BC004ADA5E /* Products */;
			projectDirPath = "";
			projectRoot = "";
			targets = (
				41FBEFEB1E4FD1BC004ADA5E /* TicTacToe */,
			);
		};
/* End PBXProject section */

/* Begin PBXResourcesBuildPhase section */
		41FBEFEA1E4FD1BC004ADA5E /* Resources */ = {
			isa = PBXResourcesBuildPhase;
			buildActionMask = 2147483647;
			files = (
				41FBEFFA1E4FD1BC004ADA5E /* LaunchScreen.storyboard in Resources */,
				41FBEFF71E4FD1BC004ADA5E /* Assets.xcassets in Resources */,
				41FBEFF51E4FD1BC004ADA5E /* Main.storyboard in Resources */,
			);
			runOnlyForDeploymentPostprocessing = 0;
		};
/* End PBXResourcesBuildPhase section */

/* Begin PBXSourcesBuildPhase section */
		41FBEFE81E4FD1BC004ADA5E /* Sources */ = {
			isa = PBXSourcesBuildPhase;
			buildActionMask = 2147483647;
			files = (
				41579E4F1E512AEC00338AA3 /* InfoView.swift in Sources */,
				41FBEFF21E4FD1BC004ADA5E /* ViewController.swift in Sources */,
				41FBEFF01E4FD1BC004ADA5E /* AppDelegate.swift in Sources */,
				41FBF0021E4FD6A7004ADA5E /* PebbleImageView.swift in Sources */,
			);
			runOnlyForDeploymentPostprocessing = 0;
		};
/* End PBXSourcesBuildPhase section */

/* Begin PBXVariantGroup section */
		41FBEFF31E4FD1BC004ADA5E /* Main.storyboard */ = {
			isa = PBXVariantGroup;
			children = (
				41FBEFF41E4FD1BC004ADA5E /* Base */,
			);
			name = Main.storyboard;
			sourceTree = "<group>";
		};
		41FBEFF81E4FD1BC004ADA5E /* LaunchScreen.storyboard */ = {
			isa = PBXVariantGroup;
			children = (
				41FBEFF91E4FD1BC004ADA5E /* Base */,
			);
			name = LaunchScreen.storyboard;
			sourceTree = "<group>";
		};
/* End PBXVariantGroup section */

/* Begin XCBuildConfiguration section */
		41FBEFFC1E4FD1BC004ADA5E /* Debug */ = {
			isa = XCBuildConfiguration;
			buildSettings = {
				ALWAYS_SEARCH_USER_PATHS = NO;
				CLANG_ANALYZER_NONNULL = YES;
				CLANG_CXX_LANGUAGE_STANDARD = "gnu++0x";
				CLANG_CXX_LIBRARY = "libc++";
				CLANG_ENABLE_MODULES = YES;
				CLANG_ENABLE_OBJC_ARC = YES;
				CLANG_WARN_BOOL_CONVERSION = YES;
				CLANG_WARN_CONSTANT_CONVERSION = YES;
				CLANG_WARN_DIRECT_OBJC_ISA_USAGE = YES_ERROR;
				CLANG_WARN_DOCUMENTATION_COMMENTS = YES;
				CLANG_WARN_EMPTY_BODY = YES;
				CLANG_WARN_ENUM_CONVERSION = YES;
				CLANG_WARN_INFINITE_RECURSION = YES;
				CLANG_WARN_INT_CONVERSION = YES;
				CLANG_WARN_OBJC_ROOT_CLASS = YES_ERROR;
				CLANG_WARN_SUSPICIOUS_MOVE = YES;
				CLANG_WARN_UNREACHABLE_CODE = YES;
				CLANG_WARN__DUPLICATE_METHOD_MATCH = YES;
				"CODE_SIGN_IDENTITY[sdk=iphoneos*]" = "iPhone Developer";
				COPY_PHASE_STRIP = NO;
				DEBUG_INFORMATION_FORMAT = dwarf;
				ENABLE_STRICT_OBJC_MSGSEND = YES;
				ENABLE_TESTABILITY = YES;
				GCC_C_LANGUAGE_STANDARD = gnu99;
				GCC_DYNAMIC_NO_PIC = NO;
				GCC_NO_COMMON_BLOCKS = YES;
				GCC_OPTIMIZATION_LEVEL = 0;
				GCC_PREPROCESSOR_DEFINITIONS = (
					"DEBUG=1",
					"$(inherited)",
				);
				GCC_WARN_64_TO_32_BIT_CONVERSION = YES;
				GCC_WARN_ABOUT_RETURN_TYPE = YES_ERROR;
				GCC_WARN_UNDECLARED_SELECTOR = YES;
				GCC_WARN_UNINITIALIZED_AUTOS = YES_AGGRESSIVE;
				GCC_WARN_UNUSED_FUNCTION = YES;
				GCC_WARN_UNUSED_VARIABLE = YES;
				IPHONEOS_DEPLOYMENT_TARGET = 10.2;
				MTL_ENABLE_DEBUG_INFO = YES;
				ONLY_ACTIVE_ARCH = YES;
				SDKROOT = iphoneos;
				SWIFT_ACTIVE_COMPILATION_CONDITIONS = DEBUG;
				SWIFT_OPTIMIZATION_LEVEL = "-Onone";
			};
			name = Debug;
		};
		41FBEFFD1E4FD1BC004ADA5E /* Release */ = {
			isa = XCBuildConfiguration;
			buildSettings = {
				ALWAYS_SEARCH_USER_PATHS = NO;
				CLANG_ANALYZER_NONNULL = YES;
				CLANG_CXX_LANGUAGE_STANDARD = "gnu++0x";
				CLANG_CXX_LIBRARY = "libc++";
				CLANG_ENABLE_MODULES = YES;
				CLANG_ENABLE_OBJC_ARC = YES;
				CLANG_WARN_BOOL_CONVERSION = YES;
				CLANG_WARN_CONSTANT_CONVERSION = YES;
				CLANG_WARN_DIRECT_OBJC_ISA_USAGE = YES_ERROR;
				CLANG_WARN_DOCUMENTATION_COMMENTS = YES;
				CLANG_WARN_EMPTY_BODY = YES;
				CLANG_WARN_ENUM_CONVERSION = YES;
				CLANG_WARN_INFINITE_RECURSION = YES;
				CLANG_WARN_INT_CONVERSION = YES;
				CLANG_WARN_OBJC_ROOT_CLASS = YES_ERROR;
				CLANG_WARN_SUSPICIOUS_MOVE = YES;
				CLANG_WARN_UNREACHABLE_CODE = YES;
				CLANG_WARN__DUPLICATE_METHOD_MATCH = YES;
				"CODE_SIGN_IDENTITY[sdk=iphoneos*]" = "iPhone Developer";
				COPY_PHASE_STRIP = NO;
				DEBUG_INFORMATION_FORMAT = "dwarf-with-dsym";
				ENABLE_NS_ASSERTIONS = NO;
				ENABLE_STRICT_OBJC_MSGSEND = YES;
				GCC_C_LANGUAGE_STANDARD = gnu99;
				GCC_NO_COMMON_BLOCKS = YES;
				GCC_WARN_64_TO_32_BIT_CONVERSION = YES;
				GCC_WARN_ABOUT_RETURN_TYPE = YES_ERROR;
				GCC_WARN_UNDECLARED_SELECTOR = YES;
				GCC_WARN_UNINITIALIZED_AUTOS = YES_AGGRESSIVE;
				GCC_WARN_UNUSED_FUNCTION = YES;
				GCC_WARN_UNUSED_VARIABLE = YES;
				IPHONEOS_DEPLOYMENT_TARGET = 10.2;
				MTL_ENABLE_DEBUG_INFO = NO;
				SDKROOT = iphoneos;
				SWIFT_OPTIMIZATION_LEVEL = "-Owholemodule";
				VALIDATE_PRODUCT = YES;
			};
			name = Release;
		};
		41FBEFFF1E4FD1BC004ADA5E /* Debug */ = {
			isa = XCBuildConfiguration;
			buildSettings = {
				ASSETCATALOG_COMPILER_APPICON_NAME = AppIcon;
				INFOPLIST_FILE = TicTacToe/Info.plist;
				LD_RUNPATH_SEARCH_PATHS = "$(inherited) @executable_path/Frameworks";
				PRODUCT_BUNDLE_IDENTIFIER = com.example.TicTacToe;
				PRODUCT_NAME = "$(TARGET_NAME)";
				SWIFT_VERSION = 3.0;
			};
			name = Debug;
		};
		41FBF0001E4FD1BC004ADA5E /* Release */ = {
			isa = XCBuildConfiguration;
			buildSettings = {
				ASSETCATALOG_COMPILER_APPICON_NAME = AppIcon;
				INFOPLIST_FILE = TicTacToe/Info.plist;
				LD_RUNPATH_SEARCH_PATHS = "$(inherited) @executable_path/Frameworks";
				PRODUCT_BUNDLE_IDENTIFIER = com.example.TicTacToe;
				PRODUCT_NAME = "$(TARGET_NAME)";
				SWIFT_VERSION = 3.0;
			};
			name = Release;
		};
/* End XCBuildConfiguration section */

/* Begin XCConfigurationList section */
		41FBEFE71E4FD1BC004ADA5E /* Build configuration list for PBXProject "TicTacToe" */ = {
			isa = XCConfigurationList;
			buildConfigurations = (
				41FBEFFC1E4FD1BC004ADA5E /* Debug */,
				41FBEFFD1E4FD1BC004ADA5E /* Release */,
			);
			defaultConfigurationIsVisible = 0;
			defaultConfigurationName = Release;
		};
		41FBEFFE1E4FD1BC004ADA5E /* Build configuration list for PBXNativeTarget "TicTacToe" */ = {
			isa = XCConfigurationList;
			buildConfigurations = (
				41FBEFFF1E4FD1BC004ADA5E /* Debug */,
				41FBF0001E4FD1BC004ADA5E /* Release */,
			);
			defaultConfigurationIsVisible = 0;
			defaultConfigurationName = Release;
		};
/* End XCConfigurationList section */
	};
	rootObject = 41FBEFE41E4FD1BC004ADA5E /* Project object */;
}
