// !$*UTF8*$!
{
	archiveVersion = 1;
	classes = {
	};
	objectVersion = 46;
	objects = {

/* Begin PBXBuildFile section */
		416F2EF71E612E9600E5782B /* AppDelegate.swift in Sources */ = {isa = PBXBuildFile; fileRef = 416F2EF61E612E9600E5782B /* AppDelegate.swift */; };
		416F2EFC1E612E9600E5782B /* Main.storyboard in Resources */ = {isa = PBXBuildFile; fileRef = 416F2EFA1E612E9600E5782B /* Main.storyboard */; };
		416F2EFE1E612E9600E5782B /* Assets.xcassets in Resources */ = {isa = PBXBuildFile; fileRef = 416F2EFD1E612E9600E5782B /* Assets.xcassets */; };
		416F2F011E612E9600E5782B /* LaunchScreen.storyboard in Resources */ = {isa = PBXBuildFile; fileRef = 416F2EFF1E612E9600E5782B /* LaunchScreen.storyboard */; };
		416F2F0B1E622DF300E5782B /* ItemCollectionViewCell.swift in Sources */ = {isa = PBXBuildFile; fileRef = 416F2F0A1E622DF300E5782B /* ItemCollectionViewCell.swift */; };
		416F2F0D1E622E7700E5782B /* GalleryItem.swift in Sources */ = {isa = PBXBuildFile; fileRef = 416F2F0C1E622E7700E5782B /* GalleryItem.swift */; };
		416F2F0F1E622EFD00E5782B /* ViewController.swift in Sources */ = {isa = PBXBuildFile; fileRef = 416F2F0E1E622EFD00E5782B /* ViewController.swift */; };
		416F2F131E623B8E00E5782B /* ImageDetailViewController.swift in Sources */ = {isa = PBXBuildFile; fileRef = 416F2F121E623B8E00E5782B /* ImageDetailViewController.swift */; };
/* End PBXBuildFile section */

/* Begin PBXFileReference section */
		416F2EF31E612E9600E5782B /* PhotoPhabulous.app */ = {isa = PBXFileReference; explicitFileType = wrapper.application; includeInIndex = 0; path = PhotoPhabulous.app; sourceTree = BUILT_PRODUCTS_DIR; };
		416F2EF61E612E9600E5782B /* AppDelegate.swift */ = {isa = PBXFileReference; lastKnownFileType = sourcecode.swift; path = AppDelegate.swift; sourceTree = "<group>"; };
		416F2EFB1E612E9600E5782B /* Base */ = {isa = PBXFileReference; lastKnownFileType = file.storyboard; name = Base; path = Base.lproj/Main.storyboard; sourceTree = "<group>"; };
		416F2EFD1E612E9600E5782B /* Assets.xcassets */ = {isa = PBXFileReference; lastKnownFileType = folder.assetcatalog; path = Assets.xcassets; sourceTree = "<group>"; };
		416F2F001E612E9600E5782B /* Base */ = {isa = PBXFileReference; lastKnownFileType = file.storyboard; name = Base; path = Base.lproj/LaunchScreen.storyboard; sourceTree = "<group>"; };
		416F2F021E612E9600E5782B /* Info.plist */ = {isa = PBXFileReference; lastKnownFileType = text.plist.xml; path = Info.plist; sourceTree = "<group>"; };
		416F2F0A1E622DF300E5782B /* ItemCollectionViewCell.swift */ = {isa = PBXFileReference; fileEncoding = 4; lastKnownFileType = sourcecode.swift; path = ItemCollectionViewCell.swift; sourceTree = "<group>"; };
		416F2F0C1E622E7700E5782B /* GalleryItem.swift */ = {isa = PBXFileReference; fileEncoding = 4; lastKnownFileType = sourcecode.swift; path = GalleryItem.swift; sourceTree = "<group>"; };
		416F2F0E1E622EFD00E5782B /* ViewController.swift */ = {isa = PBXFileReference; fileEncoding = 4; lastKnownFileType = sourcecode.swift; path = ViewController.swift; sourceTree = "<group>"; };
		416F2F121E623B8E00E5782B /* ImageDetailViewController.swift */ = {isa = PBXFileReference; fileEncoding = 4; lastKnownFileType = sourcecode.swift; path = ImageDetailViewController.swift; sourceTree = "<group>"; };
/* End PBXFileReference section */

/* Begin PBXFrameworksBuildPhase section */
		416F2EF01E612E9600E5782B /* Frameworks */ = {
			isa = PBXFrameworksBuildPhase;
			buildActionMask = 2147483647;
			files = (
			);
			runOnlyForDeploymentPostprocessing = 0;
		};
/* End PBXFrameworksBuildPhase section */

/* Begin PBXGroup section */
		416F2EEA1E612E9600E5782B = {
			isa = PBXGroup;
			children = (
				416F2EF51E612E9600E5782B /* PhotoPhabulous */,
				416F2EF41E612E9600E5782B /* Products */,
			);
			sourceTree = "<group>";
		};
		416F2EF41E612E9600E5782B /* Products */ = {
			isa = PBXGroup;
			children = (
				416F2EF31E612E9600E5782B /* PhotoPhabulous.app */,
			);
			name = Products;
			sourceTree = "<group>";
		};
		416F2EF51E612E9600E5782B /* PhotoPhabulous */ = {
			isa = PBXGroup;
			children = (
				416F2EF61E612E9600E5782B /* AppDelegate.swift */,
				416F2EFA1E612E9600E5782B /* Main.storyboard */,
				416F2F121E623B8E00E5782B /* ImageDetailViewController.swift */,
				416F2F0E1E622EFD00E5782B /* ViewController.swift */,
				416F2F0C1E622E7700E5782B /* GalleryItem.swift */,
				416F2F0A1E622DF300E5782B /* ItemCollectionViewCell.swift */,
				416F2EFD1E612E9600E5782B /* Assets.xcassets */,
				416F2EFF1E612E9600E5782B /* LaunchScreen.storyboard */,
				416F2F021E612E9600E5782B /* Info.plist */,
			);
			path = PhotoPhabulous;
			sourceTree = "<group>";
		};
/* End PBXGroup section */

/* Begin PBXNativeTarget section */
		416F2EF21E612E9600E5782B /* PhotoPhabulous */ = {
			isa = PBXNativeTarget;
			buildConfigurationList = 416F2F051E612E9600E5782B /* Build configuration list for PBXNativeTarget "PhotoPhabulous" */;
			buildPhases = (
				416F2EEF1E612E9600E5782B /* Sources */,
				416F2EF01E612E9600E5782B /* Frameworks */,
				416F2EF11E612E9600E5782B /* Resources */,
			);
			buildRules = (
			);
			dependencies = (
			);
			name = PhotoPhabulous;
			productName = PhotoPhabulous;
			productReference = 416F2EF31E612E9600E5782B /* PhotoPhabulous.app */;
			productType = "com.apple.product-type.application";
		};
/* End PBXNativeTarget section */

/* Begin PBXProject section */
		416F2EEB1E612E9600E5782B /* Project object */ = {
			isa = PBXProject;
			attributes = {
				LastSwiftUpdateCheck = 0820;
				LastUpgradeCheck = 0820;
				ORGANIZATIONNAME = "Gianni Chen";
				TargetAttributes = {
					416F2EF21E612E9600E5782B = {
						CreatedOnToolsVersion = 8.2.1;
						ProvisioningStyle = Automatic;
					};
				};
			};
			buildConfigurationList = 416F2EEE1E612E9600E5782B /* Build configuration list for PBXProject "PhotoPhabulous" */;
			compatibilityVersion = "Xcode 3.2";
			developmentRegion = English;
			hasScannedForEncodings = 0;
			knownRegions = (
				en,
				Base,
			);
			mainGroup = 416F2EEA1E612E9600E5782B;
			productRefGroup = 416F2EF41E612E9600E5782B /* Products */;
			projectDirPath = "";
			projectRoot = "";
			targets = (
				416F2EF21E612E9600E5782B /* PhotoPhabulous */,
			);
		};
/* End PBXProject section */

/* Begin PBXResourcesBuildPhase section */
		416F2EF11E612E9600E5782B /* Resources */ = {
			isa = PBXResourcesBuildPhase;
			buildActionMask = 2147483647;
			files = (
				416F2F011E612E9600E5782B /* LaunchScreen.storyboard in Resources */,
				416F2EFE1E612E9600E5782B /* Assets.xcassets in Resources */,
				416F2EFC1E612E9600E5782B /* Main.storyboard in Resources */,
			);
			runOnlyForDeploymentPostprocessing = 0;
		};
/* End PBXResourcesBuildPhase section */

/* Begin PBXSourcesBuildPhase section */
		416F2EEF1E612E9600E5782B /* Sources */ = {
			isa = PBXSourcesBuildPhase;
			buildActionMask = 2147483647;
			files = (
				416F2F0F1E622EFD00E5782B /* ViewController.swift in Sources */,
				416F2F0B1E622DF300E5782B /* ItemCollectionViewCell.swift in Sources */,
				416F2EF71E612E9600E5782B /* AppDelegate.swift in Sources */,
				416F2F0D1E622E7700E5782B /* GalleryItem.swift in Sources */,
				416F2F131E623B8E00E5782B /* ImageDetailViewController.swift in Sources */,
			);
			runOnlyForDeploymentPostprocessing = 0;
		};
/* End PBXSourcesBuildPhase section */

/* Begin PBXVariantGroup section */
		416F2EFA1E612E9600E5782B /* Main.storyboard */ = {
			isa = PBXVariantGroup;
			children = (
				416F2EFB1E612E9600E5782B /* Base */,
			);
			name = Main.storyboard;
			sourceTree = "<group>";
		};
		416F2EFF1E612E9600E5782B /* LaunchScreen.storyboard */ = {
			isa = PBXVariantGroup;
			children = (
				416F2F001E612E9600E5782B /* Base */,
			);
			name = LaunchScreen.storyboard;
			sourceTree = "<group>";
		};
/* End PBXVariantGroup section */

/* Begin XCBuildConfiguration section */
		416F2F031E612E9600E5782B /* Debug */ = {
			isa = XCBuildConfiguration;
			buildSettings = {
				ALWAYS_SEARCH_USER_PATHS = NO;
				CLANG_ANALYZER_NONNULL = YES;
				CLANG_CXX_LANGUAGE_STANDARD = "gnu++0x";
				CLANG_CXX_LIBRARY = "libc++";
				CLANG_ENABLE_MODULES = YES;
				CLANG_ENABLE_OBJC_ARC = YES;
				CLANG_WARN_BOOL_CONVERSION = YES;
				CLANG_WARN_CONSTANT_CONVERSION = YES;
				CLANG_WARN_DIRECT_OBJC_ISA_USAGE = YES_ERROR;
				CLANG_WARN_DOCUMENTATION_COMMENTS = YES;
				CLANG_WARN_EMPTY_BODY = YES;
				CLANG_WARN_ENUM_CONVERSION = YES;
				CLANG_WARN_INFINITE_RECURSION = YES;
				CLANG_WARN_INT_CONVERSION = YES;
				CLANG_WARN_OBJC_ROOT_CLASS = YES_ERROR;
				CLANG_WARN_SUSPICIOUS_MOVE = YES;
				CLANG_WARN_UNREACHABLE_CODE = YES;
				CLANG_WARN__DUPLICATE_METHOD_MATCH = YES;
				"CODE_SIGN_IDENTITY[sdk=iphoneos*]" = "iPhone Developer";
				COPY_PHASE_STRIP = NO;
				DEBUG_INFORMATION_FORMAT = dwarf;
				ENABLE_STRICT_OBJC_MSGSEND = YES;
				ENABLE_TESTABILITY = YES;
				GCC_C_LANGUAGE_STANDARD = gnu99;
				GCC_DYNAMIC_NO_PIC = NO;
				GCC_NO_COMMON_BLOCKS = YES;
				GCC_OPTIMIZATION_LEVEL = 0;
				GCC_PREPROCESSOR_DEFINITIONS = (
					"DEBUG=1",
					"$(inherited)",
				);
				GCC_WARN_64_TO_32_BIT_CONVERSION = YES;
				GCC_WARN_ABOUT_RETURN_TYPE = YES_ERROR;
				GCC_WARN_UNDECLARED_SELECTOR = YES;
				GCC_WARN_UNINITIALIZED_AUTOS = YES_AGGRESSIVE;
				GCC_WARN_UNUSED_FUNCTION = YES;
				GCC_WARN_UNUSED_VARIABLE = YES;
				IPHONEOS_DEPLOYMENT_TARGET = 10.2;
				MTL_ENABLE_DEBUG_INFO = YES;
				ONLY_ACTIVE_ARCH = YES;
				SDKROOT = iphoneos;
				SWIFT_ACTIVE_COMPILATION_CONDITIONS = DEBUG;
				SWIFT_OPTIMIZATION_LEVEL = "-Onone";
			};
			name = Debug;
		};
		416F2F041E612E9600E5782B /* Release */ = {
			isa = XCBuildConfiguration;
			buildSettings = {
				ALWAYS_SEARCH_USER_PATHS = NO;
				CLANG_ANALYZER_NONNULL = YES;
				CLANG_CXX_LANGUAGE_STANDARD = "gnu++0x";
				CLANG_CXX_LIBRARY = "libc++";
				CLANG_ENABLE_MODULES = YES;
				CLANG_ENABLE_OBJC_ARC = YES;
				CLANG_WARN_BOOL_CONVERSION = YES;
				CLANG_WARN_CONSTANT_CONVERSION = YES;
				CLANG_WARN_DIRECT_OBJC_ISA_USAGE = YES_ERROR;
				CLANG_WARN_DOCUMENTATION_COMMENTS = YES;
				CLANG_WARN_EMPTY_BODY = YES;
				CLANG_WARN_ENUM_CONVERSION = YES;
				CLANG_WARN_INFINITE_RECURSION = YES;
				CLANG_WARN_INT_CONVERSION = YES;
				CLANG_WARN_OBJC_ROOT_CLASS = YES_ERROR;
				CLANG_WARN_SUSPICIOUS_MOVE = YES;
				CLANG_WARN_UNREACHABLE_CODE = YES;
				CLANG_WARN__DUPLICATE_METHOD_MATCH = YES;
				"CODE_SIGN_IDENTITY[sdk=iphoneos*]" = "iPhone Developer";
				COPY_PHASE_STRIP = NO;
				DEBUG_INFORMATION_FORMAT = "dwarf-with-dsym";
				ENABLE_NS_ASSERTIONS = NO;
				ENABLE_STRICT_OBJC_MSGSEND = YES;
				GCC_C_LANGUAGE_STANDARD = gnu99;
				GCC_NO_COMMON_BLOCKS = YES;
				GCC_WARN_64_TO_32_BIT_CONVERSION = YES;
				GCC_WARN_ABOUT_RETURN_TYPE = YES_ERROR;
				GCC_WARN_UNDECLARED_SELECTOR = YES;
				GCC_WARN_UNINITIALIZED_AUTOS = YES_AGGRESSIVE;
				GCC_WARN_UNUSED_FUNCTION = YES;
				GCC_WARN_UNUSED_VARIABLE = YES;
				IPHONEOS_DEPLOYMENT_TARGET = 10.2;
				MTL_ENABLE_DEBUG_INFO = NO;
				SDKROOT = iphoneos;
				SWIFT_OPTIMIZATION_LEVEL = "-Owholemodule";
				VALIDATE_PRODUCT = YES;
			};
			name = Release;
		};
		416F2F061E612E9600E5782B /* Debug */ = {
			isa = XCBuildConfiguration;
			buildSettings = {
				ASSETCATALOG_COMPILER_APPICON_NAME = AppIcon;
				INFOPLIST_FILE = PhotoPhabulous/Info.plist;
				LD_RUNPATH_SEARCH_PATHS = "$(inherited) @executable_path/Frameworks";
				PRODUCT_BUNDLE_IDENTIFIER = com.example.PhotoPhabulous;
				PRODUCT_NAME = "$(TARGET_NAME)";
				SWIFT_VERSION = 3.0;
				TARGETED_DEVICE_FAMILY = "1,2";
			};
			name = Debug;
		};
		416F2F071E612E9600E5782B /* Release */ = {
			isa = XCBuildConfiguration;
			buildSettings = {
				ASSETCATALOG_COMPILER_APPICON_NAME = AppIcon;
				INFOPLIST_FILE = PhotoPhabulous/Info.plist;
				LD_RUNPATH_SEARCH_PATHS = "$(inherited) @executable_path/Frameworks";
				PRODUCT_BUNDLE_IDENTIFIER = com.example.PhotoPhabulous;
				PRODUCT_NAME = "$(TARGET_NAME)";
				SWIFT_VERSION = 3.0;
				TARGETED_DEVICE_FAMILY = "1,2";
			};
			name = Release;
		};
/* End XCBuildConfiguration section */

/* Begin XCConfigurationList section */
		416F2EEE1E612E9600E5782B /* Build configuration list for PBXProject "PhotoPhabulous" */ = {
			isa = XCConfigurationList;
			buildConfigurations = (
				416F2F031E612E9600E5782B /* Debug */,
				416F2F041E612E9600E5782B /* Release */,
			);
			defaultConfigurationIsVisible = 0;
			defaultConfigurationName = Release;
		};
		416F2F051E612E9600E5782B /* Build configuration list for PBXNativeTarget "PhotoPhabulous" */ = {
			isa = XCConfigurationList;
			buildConfigurations = (
				416F2F061E612E9600E5782B /* Debug */,
				416F2F071E612E9600E5782B /* Release */,
			);
			defaultConfigurationIsVisible = 0;
			defaultConfigurationName = Release;
		};
/* End XCConfigurationList section */
	};
	rootObject = 416F2EEB1E612E9600E5782B /* Project object */;
}
